
Microsoft Visual Studio Solution File, Format Version 12.00
# Visual Studio Version 17
VisualStudioVersion = 17.1.32414.318
MinimumVisualStudioVersion = 10.0.40219.1
Project("{FAE04EC0-301F-11D3-BF4B-00C04F79EFBC}") = "SQLgenerator", "SQLgenerator.csproj", "{4F17F09F-A83E-493C-8A6D-4858EBF25698}"
EndProject
Global
	GlobalSection(SolutionConfigurationPlatforms) = preSolution
		Debug|Any CPU = Debug|Any CPU
		Release|Any CPU = Release|Any CPU
	EndGlobalSection
	GlobalSection(ProjectConfigurationPlatforms) = postSolution
		{4F17F09F-A83E-493C-8A6D-4858EBF25698}.Debug|Any CPU.ActiveCfg = Debug|Any CPU
		{4F17F09F-A83E-493C-8A6D-4858EBF25698}.Debug|Any CPU.Build.0 = Debug|Any CPU
		{4F17F09F-A83E-493C-8A6D-4858EBF25698}.Release|Any CPU.ActiveCfg = Release|Any CPU
		{4F17F09F-A83E-493C-8A6D-4858EBF25698}.Release|Any CPU.Build.0 = Release|Any CPU
	EndGlobalSection
	GlobalSection(SolutionProperties) = preSolution
		HideSolutionNode = FALSE
	EndGlobalSection
	GlobalSection(ExtensibilityGlobals) = postSolution
		SolutionGuid = {EED373DA-0033-414C-BA37-4F7F8FE7C4BB}
	EndGlobalSection
EndGlobal
